github.com/fsnotify/fsnotify v1.4.7 h1:IXs+QLmnXW2CcXuY+8Mzv/fWEsPGWxqefPtCP5CnV9I=
github.com/fsnotify/fsnotify v1.4.7/go.mod h1:jwhsz4b93w/PPRr/qN1Yymfu8t87LnFCMoQvtojpjFo=
golang.org/x/sys v0.0.0-20190916202348-b4ddaad3f8a3 h1:7TYNF4UdlohbFwpNH04CoPMp1cHUZgO1Ebq5r2hIjfo=
golang.org/x/sys v0.0.0-20190916202348-b4ddaad3f8a3/go.mod h1:h1NjWce9XRLGQEsW7wpKNCjG9DtNlClVuFLEZdDNbEs=
trimmer.io/go-csv v0.0.0-20190307113024-e18eb1e06f6e h1:ZU9Eh14VnzBMbtl9GYQEqpATES0cKpJiKCGH9nNsZeA=
trimmer.io/go-csv v0.0.0-20190307113024-e18eb1e06f6e/go.mod h1:fDmF1cV5Sq2/eAJVvIqEOb5VD8CXsY02V61G6rWSm2o=
